PODS:
  - Alamofire (4.9.0)
  - RxSwift (5.0.0)

DEPENDENCIES:
  - Alamofire
  - RxSwift

SPEC REPOS:
  trunk:
    - Alamofire
    - RxSwift

SPEC CHECKSUMS:
  Alamofire: afc3e7c6db61476cb45cdd23fed06bad03bbc321
  RxSwift: 8b0671caa829a763bbce7271095859121cbd895f

PODFILE CHECKSUM: 86c02335f0413c7e65984f17ff4e907ba765eb16

COCOAPODS: 1.8.1
