// !$*UTF8*$!
{
	archiveVersion = 1;
	classes = {
	};
	objectVersion = 51;
	objects = {

/* Begin PBXBuildFile section */
		841BC4FF2340C6CA00D266C5 /* NYTimesTests.swift in Sources */ = {isa = PBXBuildFile; fileRef = 841BC4FE2340C6CA00D266C5 /* NYTimesTests.swift */; };
		84C8B4272340D7F4006CAE1A /* ApiManager.swift in Sources */ = {isa = PBXBuildFile; fileRef = 84C8B4242340D7F4006CAE1A /* ApiManager.swift */; };
		84C8B4282340D7F4006CAE1A /* Api.swift in Sources */ = {isa = PBXBuildFile; fileRef = 84C8B4252340D7F4006CAE1A /* Api.swift */; };
		84C8B4292340D7F4006CAE1A /* ApiManager+Rx.swift in Sources */ = {isa = PBXBuildFile; fileRef = 84C8B4262340D7F4006CAE1A /* ApiManager+Rx.swift */; };
		84C8B42B2340E648006CAE1A /* TopStoriesServices.swift in Sources */ = {isa = PBXBuildFile; fileRef = 84C8B42A2340E648006CAE1A /* TopStoriesServices.swift */; };
		84C8B42D2340EF46006CAE1A /* Articcle.swift in Sources */ = {isa = PBXBuildFile; fileRef = 84C8B42C2340EF46006CAE1A /* Articcle.swift */; };
		84C8B4312340F555006CAE1A /* Dictionary+Extensions.swift in Sources */ = {isa = PBXBuildFile; fileRef = 84C8B4302340F555006CAE1A /* Dictionary+Extensions.swift */; };
		84C8B4332340FDD9006CAE1A /* TopStoriesViewModel.swift in Sources */ = {isa = PBXBuildFile; fileRef = 84C8B4322340FDD9006CAE1A /* TopStoriesViewModel.swift */; };
		84C8B4352341123C006CAE1A /* ArticleDetailViewModel.swift in Sources */ = {isa = PBXBuildFile; fileRef = 84C8B4342341123C006CAE1A /* ArticleDetailViewModel.swift */; };
		84C8B437234118E2006CAE1A /* String+Extensions.swift in Sources */ = {isa = PBXBuildFile; fileRef = 84C8B436234118E2006CAE1A /* String+Extensions.swift */; };
		84C8B439234118F6006CAE1A /* Date+Extensions.swift in Sources */ = {isa = PBXBuildFile; fileRef = 84C8B438234118F6006CAE1A /* Date+Extensions.swift */; };
		84C8B43B23411969006CAE1A /* DateFormatter+Extensions.swift in Sources */ = {isa = PBXBuildFile; fileRef = 84C8B43A23411969006CAE1A /* DateFormatter+Extensions.swift */; };
		84C8B43D23411D57006CAE1A /* Rx+Extensions.swift in Sources */ = {isa = PBXBuildFile; fileRef = 84C8B43C23411D57006CAE1A /* Rx+Extensions.swift */; };
		84C8B440234121D3006CAE1A /* ArticleCell.swift in Sources */ = {isa = PBXBuildFile; fileRef = 84C8B43F234121D3006CAE1A /* ArticleCell.swift */; };
		84C8B44223412426006CAE1A /* UIView+StateIndicator.swift in Sources */ = {isa = PBXBuildFile; fileRef = 84C8B44123412426006CAE1A /* UIView+StateIndicator.swift */; };
		84C8B44423412491006CAE1A /* UIControl+Extensions.swift in Sources */ = {isa = PBXBuildFile; fileRef = 84C8B44323412491006CAE1A /* UIControl+Extensions.swift */; };
		84E9825B2340CAC800AF7A88 /* AppDelegate.swift in Sources */ = {isa = PBXBuildFile; fileRef = 84E9824D2340CAC800AF7A88 /* AppDelegate.swift */; };
		84E9825E2340CAC800AF7A88 /* LaunchScreen.storyboard in Resources */ = {isa = PBXBuildFile; fileRef = 84E982522340CAC800AF7A88 /* LaunchScreen.storyboard */; };
		84E982602340CAC800AF7A88 /* Assets.xcassets in Resources */ = {isa = PBXBuildFile; fileRef = 84E982542340CAC800AF7A88 /* Assets.xcassets */; };
		84E982612340CAC800AF7A88 /* HomeViewController.swift in Sources */ = {isa = PBXBuildFile; fileRef = 84E982562340CAC800AF7A88 /* HomeViewController.swift */; };
		84E982912340CE7200AF7A88 /* SceneDelegate.swift in Sources */ = {isa = PBXBuildFile; fileRef = 84E982902340CE7200AF7A88 /* SceneDelegate.swift */; };
		84E982942340D48400AF7A88 /* Style.swift in Sources */ = {isa = PBXBuildFile; fileRef = 84E982932340D48400AF7A88 /* Style.swift */; };
		B93113E92646CE31514E9AC1 /* Pods_NYTimes.framework in Frameworks */ = {isa = PBXBuildFile; fileRef = 5E99319CC2E561CD97FA55B8 /* Pods_NYTimes.framework */; };
/* End PBXBuildFile section */

/* Begin PBXContainerItemProxy section */
		841BC4FB2340C6CA00D266C5 /* PBXContainerItemProxy */ = {
			isa = PBXContainerItemProxy;
			containerPortal = 841BC4DC2340C6C800D266C5 /* Project object */;
			proxyType = 1;
			remoteGlobalIDString = 841BC4E32340C6C800D266C5;
			remoteInfo = NYTimes;
		};
/* End PBXContainerItemProxy section */

/* Begin PBXFileReference section */
		5E99319CC2E561CD97FA55B8 /* Pods_NYTimes.framework */ = {isa = PBXFileReference; explicitFileType = wrapper.framework; includeInIndex = 0; path = Pods_NYTimes.framework; sourceTree = BUILT_PRODUCTS_DIR; };
		60823C8C9D68E9CD4C168A79 /* Pods-NYTimes.debug.xcconfig */ = {isa = PBXFileReference; includeInIndex = 1; lastKnownFileType = text.xcconfig; name = "Pods-NYTimes.debug.xcconfig"; path = "Target Support Files/Pods-NYTimes/Pods-NYTimes.debug.xcconfig"; sourceTree = "<group>"; };
		841BC4E42340C6C800D266C5 /* NYTimes.app */ = {isa = PBXFileReference; explicitFileType = wrapper.application; includeInIndex = 0; path = NYTimes.app; sourceTree = BUILT_PRODUCTS_DIR; };
		841BC4FA2340C6CA00D266C5 /* NYTimesTests.xctest */ = {isa = PBXFileReference; explicitFileType = wrapper.cfbundle; includeInIndex = 0; path = NYTimesTests.xctest; sourceTree = BUILT_PRODUCTS_DIR; };
		841BC4FE2340C6CA00D266C5 /* NYTimesTests.swift */ = {isa = PBXFileReference; lastKnownFileType = sourcecode.swift; path = NYTimesTests.swift; sourceTree = "<group>"; };
		841BC5002340C6CA00D266C5 /* Info.plist */ = {isa = PBXFileReference; lastKnownFileType = text.plist.xml; path = Info.plist; sourceTree = "<group>"; };
		84C8B4242340D7F4006CAE1A /* ApiManager.swift */ = {isa = PBXFileReference; fileEncoding = 4; lastKnownFileType = sourcecode.swift; path = ApiManager.swift; sourceTree = "<group>"; };
		84C8B4252340D7F4006CAE1A /* Api.swift */ = {isa = PBXFileReference; fileEncoding = 4; lastKnownFileType = sourcecode.swift; path = Api.swift; sourceTree = "<group>"; };
		84C8B4262340D7F4006CAE1A /* ApiManager+Rx.swift */ = {isa = PBXFileReference; fileEncoding = 4; lastKnownFileType = sourcecode.swift; path = "ApiManager+Rx.swift"; sourceTree = "<group>"; };
		84C8B42A2340E648006CAE1A /* TopStoriesServices.swift */ = {isa = PBXFileReference; lastKnownFileType = sourcecode.swift; path = TopStoriesServices.swift; sourceTree = "<group>"; };
		84C8B42C2340EF46006CAE1A /* Articcle.swift */ = {isa = PBXFileReference; lastKnownFileType = sourcecode.swift; path = Articcle.swift; sourceTree = "<group>"; };
		84C8B4302340F555006CAE1A /* Dictionary+Extensions.swift */ = {isa = PBXFileReference; lastKnownFileType = sourcecode.swift; path = "Dictionary+Extensions.swift"; sourceTree = "<group>"; };
		84C8B4322340FDD9006CAE1A /* TopStoriesViewModel.swift */ = {isa = PBXFileReference; lastKnownFileType = sourcecode.swift; path = TopStoriesViewModel.swift; sourceTree = "<group>"; };
		84C8B4342341123C006CAE1A /* ArticleDetailViewModel.swift */ = {isa = PBXFileReference; lastKnownFileType = sourcecode.swift; path = ArticleDetailViewModel.swift; sourceTree = "<group>"; };
		84C8B436234118E2006CAE1A /* String+Extensions.swift */ = {isa = PBXFileReference; lastKnownFileType = sourcecode.swift; path = "String+Extensions.swift"; sourceTree = "<group>"; };
		84C8B438234118F6006CAE1A /* Date+Extensions.swift */ = {isa = PBXFileReference; lastKnownFileType = sourcecode.swift; path = "Date+Extensions.swift"; sourceTree = "<group>"; };
		84C8B43A23411969006CAE1A /* DateFormatter+Extensions.swift */ = {isa = PBXFileReference; lastKnownFileType = sourcecode.swift; path = "DateFormatter+Extensions.swift"; sourceTree = "<group>"; };
		84C8B43C23411D57006CAE1A /* Rx+Extensions.swift */ = {isa = PBXFileReference; lastKnownFileType = sourcecode.swift; path = "Rx+Extensions.swift"; sourceTree = "<group>"; };
		84C8B43F234121D3006CAE1A /* ArticleCell.swift */ = {isa = PBXFileReference; lastKnownFileType = sourcecode.swift; path = ArticleCell.swift; sourceTree = "<group>"; };
		84C8B44123412426006CAE1A /* UIView+StateIndicator.swift */ = {isa = PBXFileReference; lastKnownFileType = sourcecode.swift; path = "UIView+StateIndicator.swift"; sourceTree = "<group>"; };
		84C8B44323412491006CAE1A /* UIControl+Extensions.swift */ = {isa = PBXFileReference; lastKnownFileType = sourcecode.swift; path = "UIControl+Extensions.swift"; sourceTree = "<group>"; };
		84E9824D2340CAC800AF7A88 /* AppDelegate.swift */ = {isa = PBXFileReference; fileEncoding = 4; lastKnownFileType = sourcecode.swift; path = AppDelegate.swift; sourceTree = "<group>"; };
		84E9824E2340CAC800AF7A88 /* Info.plist */ = {isa = PBXFileReference; fileEncoding = 4; lastKnownFileType = text.plist.xml; path = Info.plist; sourceTree = "<group>"; };
		84E982522340CAC800AF7A88 /* LaunchScreen.storyboard */ = {isa = PBXFileReference; fileEncoding = 4; lastKnownFileType = file.storyboard; path = LaunchScreen.storyboard; sourceTree = "<group>"; };
		84E982542340CAC800AF7A88 /* Assets.xcassets */ = {isa = PBXFileReference; lastKnownFileType = folder.assetcatalog; path = Assets.xcassets; sourceTree = "<group>"; };
		84E982562340CAC800AF7A88 /* HomeViewController.swift */ = {isa = PBXFileReference; fileEncoding = 4; lastKnownFileType = sourcecode.swift; path = HomeViewController.swift; sourceTree = "<group>"; };
		84E982902340CE7200AF7A88 /* SceneDelegate.swift */ = {isa = PBXFileReference; lastKnownFileType = sourcecode.swift; path = SceneDelegate.swift; sourceTree = "<group>"; };
		84E982932340D48400AF7A88 /* Style.swift */ = {isa = PBXFileReference; lastKnownFileType = sourcecode.swift; path = Style.swift; sourceTree = "<group>"; };
		872AF817D01657853AAA2909 /* Pods-NYTimes.release.xcconfig */ = {isa = PBXFileReference; includeInIndex = 1; lastKnownFileType = text.xcconfig; name = "Pods-NYTimes.release.xcconfig"; path = "Target Support Files/Pods-NYTimes/Pods-NYTimes.release.xcconfig"; sourceTree = "<group>"; };
/* End PBXFileReference section */

/* Begin PBXFrameworksBuildPhase section */
		841BC4E12340C6C800D266C5 /* Frameworks */ = {
			isa = PBXFrameworksBuildPhase;
			buildActionMask = 2147483647;
			files = (
				B93113E92646CE31514E9AC1 /* Pods_NYTimes.framework in Frameworks */,
			);
			runOnlyForDeploymentPostprocessing = 0;
		};
		841BC4F72340C6CA00D266C5 /* Frameworks */ = {
			isa = PBXFrameworksBuildPhase;
			buildActionMask = 2147483647;
			files = (
			);
			runOnlyForDeploymentPostprocessing = 0;
		};
/* End PBXFrameworksBuildPhase section */

/* Begin PBXGroup section */
		2D65E31B2DA78B386B12CCAD /* Frameworks */ = {
			isa = PBXGroup;
			children = (
				5E99319CC2E561CD97FA55B8 /* Pods_NYTimes.framework */,
			);
			name = Frameworks;
			sourceTree = "<group>";
		};
		841BC4DB2340C6C800D266C5 = {
			isa = PBXGroup;
			children = (
				84E982352340CA7E00AF7A88 /* NYTimes */,
				841BC4FD2340C6CA00D266C5 /* NYTimesTests */,
				841BC4E52340C6C800D266C5 /* Products */,
				E13370E4EEA4F0C7E18A1DC5 /* Pods */,
				2D65E31B2DA78B386B12CCAD /* Frameworks */,
			);
			sourceTree = "<group>";
		};
		841BC4E52340C6C800D266C5 /* Products */ = {
			isa = PBXGroup;
			children = (
				841BC4E42340C6C800D266C5 /* NYTimes.app */,
				841BC4FA2340C6CA00D266C5 /* NYTimesTests.xctest */,
			);
			name = Products;
			sourceTree = "<group>";
		};
		841BC4FD2340C6CA00D266C5 /* NYTimesTests */ = {
			isa = PBXGroup;
			children = (
				841BC4FE2340C6CA00D266C5 /* NYTimesTests.swift */,
				841BC5002340C6CA00D266C5 /* Info.plist */,
			);
			path = NYTimesTests;
			sourceTree = "<group>";
		};
		84C8B4232340D7F4006CAE1A /* Base */ = {
			isa = PBXGroup;
			children = (
				84C8B4252340D7F4006CAE1A /* Api.swift */,
				84C8B4242340D7F4006CAE1A /* ApiManager.swift */,
				84C8B4262340D7F4006CAE1A /* ApiManager+Rx.swift */,
			);
			path = Base;
			sourceTree = "<group>";
		};
		84C8B42E2340F536006CAE1A /* UIKit */ = {
			isa = PBXGroup;
			children = (
				84C8B44123412426006CAE1A /* UIView+StateIndicator.swift */,
				84C8B44323412491006CAE1A /* UIControl+Extensions.swift */,
			);
			path = UIKit;
			sourceTree = "<group>";
		};
		84C8B42F2340F536006CAE1A /* Foundation */ = {
			isa = PBXGroup;
			children = (
				84C8B4302340F555006CAE1A /* Dictionary+Extensions.swift */,
				84C8B43A23411969006CAE1A /* DateFormatter+Extensions.swift */,
				84C8B436234118E2006CAE1A /* String+Extensions.swift */,
				84C8B438234118F6006CAE1A /* Date+Extensions.swift */,
				84C8B43C23411D57006CAE1A /* Rx+Extensions.swift */,
			);
			path = Foundation;
			sourceTree = "<group>";
		};
		84C8B43E23412185006CAE1A /* Views */ = {
			isa = PBXGroup;
			children = (
				84C8B43F234121D3006CAE1A /* ArticleCell.swift */,
			);
			path = Views;
			sourceTree = "<group>";
		};
		84E982352340CA7E00AF7A88 /* NYTimes */ = {
			isa = PBXGroup;
			children = (
				84E9824C2340CAC800AF7A88 /* Application */,
				84E982922340D46100AF7A88 /* Constants */,
				84E982572340CAC800AF7A88 /* Extensions */,
				84E982592340CAC800AF7A88 /* Models */,
				84E982502340CAC800AF7A88 /* Resources */,
				84E982582340CAC800AF7A88 /* Services */,
				84E982552340CAC800AF7A88 /* ViewControllers */,
				84E9825A2340CAC800AF7A88 /* ViewModels */,
			);
			path = NYTimes;
			sourceTree = "<group>";
		};
		84E9824C2340CAC800AF7A88 /* Application */ = {
			isa = PBXGroup;
			children = (
				84E9824D2340CAC800AF7A88 /* AppDelegate.swift */,
				84E9824E2340CAC800AF7A88 /* Info.plist */,
				84E982902340CE7200AF7A88 /* SceneDelegate.swift */,
			);
			path = Application;
			sourceTree = "<group>";
		};
		84E982502340CAC800AF7A88 /* Resources */ = {
			isa = PBXGroup;
			children = (
				84E982512340CAC800AF7A88 /* Storyboards */,
				84E982542340CAC800AF7A88 /* Assets.xcassets */,
			);
			path = Resources;
			sourceTree = "<group>";
		};
		84E982512340CAC800AF7A88 /* Storyboards */ = {
			isa = PBXGroup;
			children = (
				84E982522340CAC800AF7A88 /* LaunchScreen.storyboard */,
			);
			path = Storyboards;
			sourceTree = "<group>";
		};
		84E982552340CAC800AF7A88 /* ViewControllers */ = {
			isa = PBXGroup;
			children = (
				84C8B43E23412185006CAE1A /* Views */,
				84E982562340CAC800AF7A88 /* HomeViewController.swift */,
			);
			path = ViewControllers;
			sourceTree = "<group>";
		};
		84E982572340CAC800AF7A88 /* Extensions */ = {
			isa = PBXGroup;
			children = (
				84C8B42F2340F536006CAE1A /* Foundation */,
				84C8B42E2340F536006CAE1A /* UIKit */,
			);
			path = Extensions;
			sourceTree = "<group>";
		};
		84E982582340CAC800AF7A88 /* Services */ = {
			isa = PBXGroup;
			children = (
				84C8B4232340D7F4006CAE1A /* Base */,
				84C8B42A2340E648006CAE1A /* TopStoriesServices.swift */,
			);
			path = Services;
			sourceTree = "<group>";
		};
		84E982592340CAC800AF7A88 /* Models */ = {
			isa = PBXGroup;
			children = (
				84C8B42C2340EF46006CAE1A /* Articcle.swift */,
			);
			path = Models;
			sourceTree = "<group>";
		};
		84E9825A2340CAC800AF7A88 /* ViewModels */ = {
			isa = PBXGroup;
			children = (
				84C8B4322340FDD9006CAE1A /* TopStoriesViewModel.swift */,
				84C8B4342341123C006CAE1A /* ArticleDetailViewModel.swift */,
			);
			path = ViewModels;
			sourceTree = "<group>";
		};
		84E982922340D46100AF7A88 /* Constants */ = {
			isa = PBXGroup;
			children = (
				84E982932340D48400AF7A88 /* Style.swift */,
			);
			path = Constants;
			sourceTree = "<group>";
		};
		E13370E4EEA4F0C7E18A1DC5 /* Pods */ = {
			isa = PBXGroup;
			children = (
				60823C8C9D68E9CD4C168A79 /* Pods-NYTimes.debug.xcconfig */,
				872AF817D01657853AAA2909 /* Pods-NYTimes.release.xcconfig */,
			);
			path = Pods;
			sourceTree = "<group>";
		};
/* End PBXGroup section */

/* Begin PBXNativeTarget section */
		841BC4E32340C6C800D266C5 /* NYTimes */ = {
			isa = PBXNativeTarget;
			buildConfigurationList = 841BC5032340C6CA00D266C5 /* Build configuration list for PBXNativeTarget "NYTimes" */;
			buildPhases = (
				5548CE3B3759EF1089805321 /* [CP] Check Pods Manifest.lock */,
				841BC4E02340C6C800D266C5 /* Sources */,
				841BC4E12340C6C800D266C5 /* Frameworks */,
				841BC4E22340C6C800D266C5 /* Resources */,
				9C984422AC7F69C263350079 /* [CP] Embed Pods Frameworks */,
			);
			buildRules = (
			);
			dependencies = (
			);
			name = NYTimes;
			productName = NYTimes;
			productReference = 841BC4E42340C6C800D266C5 /* NYTimes.app */;
			productType = "com.apple.product-type.application";
		};
		841BC4F92340C6CA00D266C5 /* NYTimesTests */ = {
			isa = PBXNativeTarget;
			buildConfigurationList = 841BC5062340C6CA00D266C5 /* Build configuration list for PBXNativeTarget "NYTimesTests" */;
			buildPhases = (
				841BC4F62340C6CA00D266C5 /* Sources */,
				841BC4F72340C6CA00D266C5 /* Frameworks */,
				841BC4F82340C6CA00D266C5 /* Resources */,
			);
			buildRules = (
			);
			dependencies = (
				841BC4FC2340C6CA00D266C5 /* PBXTargetDependency */,
			);
			name = NYTimesTests;
			productName = NYTimesTests;
			productReference = 841BC4FA2340C6CA00D266C5 /* NYTimesTests.xctest */;
			productType = "com.apple.product-type.bundle.unit-test";
		};
/* End PBXNativeTarget section */

/* Begin PBXProject section */
		841BC4DC2340C6C800D266C5 /* Project object */ = {
			isa = PBXProject;
			attributes = {
				LastSwiftUpdateCheck = 1100;
				LastUpgradeCheck = 1100;
				ORGANIZATIONNAME = "Hardik Kothari";
				TargetAttributes = {
					841BC4E32340C6C800D266C5 = {
						CreatedOnToolsVersion = 11.0;
					};
					841BC4F92340C6CA00D266C5 = {
						CreatedOnToolsVersion = 11.0;
						TestTargetID = 841BC4E32340C6C800D266C5;
					};
				};
			};
			buildConfigurationList = 841BC4DF2340C6C800D266C5 /* Build configuration list for PBXProject "NYTimes" */;
			compatibilityVersion = "Xcode 9.3";
			developmentRegion = en;
			hasScannedForEncodings = 0;
			knownRegions = (
				en,
				Base,
			);
			mainGroup = 841BC4DB2340C6C800D266C5;
			productRefGroup = 841BC4E52340C6C800D266C5 /* Products */;
			projectDirPath = "";
			projectRoot = "";
			targets = (
				841BC4E32340C6C800D266C5 /* NYTimes */,
				841BC4F92340C6CA00D266C5 /* NYTimesTests */,
			);
		};
/* End PBXProject section */

/* Begin PBXResourcesBuildPhase section */
		841BC4E22340C6C800D266C5 /* Resources */ = {
			isa = PBXResourcesBuildPhase;
			buildActionMask = 2147483647;
			files = (
				84E982602340CAC800AF7A88 /* Assets.xcassets in Resources */,
				84E9825E2340CAC800AF7A88 /* LaunchScreen.storyboard in Resources */,
			);
			runOnlyForDeploymentPostprocessing = 0;
		};
		841BC4F82340C6CA00D266C5 /* Resources */ = {
			isa = PBXResourcesBuildPhase;
			buildActionMask = 2147483647;
			files = (
			);
			runOnlyForDeploymentPostprocessing = 0;
		};
/* End PBXResourcesBuildPhase section */

/* Begin PBXShellScriptBuildPhase section */
		5548CE3B3759EF1089805321 /* [CP] Check Pods Manifest.lock */ = {
			isa = PBXShellScriptBuildPhase;
			buildActionMask = 2147483647;
			files = (
			);
			inputFileListPaths = (
			);
			inputPaths = (
				"${PODS_PODFILE_DIR_PATH}/Podfile.lock",
				"${PODS_ROOT}/Manifest.lock",
			);
			name = "[CP] Check Pods Manifest.lock";
			outputFileListPaths = (
			);
			outputPaths = (
				"$(DERIVED_FILE_DIR)/Pods-NYTimes-checkManifestLockResult.txt",
			);
			runOnlyForDeploymentPostprocessing = 0;
			shellPath = /bin/sh;
			shellScript = "diff \"${PODS_PODFILE_DIR_PATH}/Podfile.lock\" \"${PODS_ROOT}/Manifest.lock\" > /dev/null\nif [ $? != 0 ] ; then\n    # print error to STDERR\n    echo \"error: The sandbox is not in sync with the Podfile.lock. Run 'pod install' or update your CocoaPods installation.\" >&2\n    exit 1\nfi\n# This output is used by Xcode 'outputs' to avoid re-running this script phase.\necho \"SUCCESS\" > \"${SCRIPT_OUTPUT_FILE_0}\"\n";
			showEnvVarsInLog = 0;
		};
		9C984422AC7F69C263350079 /* [CP] Embed Pods Frameworks */ = {
			isa = PBXShellScriptBuildPhase;
			buildActionMask = 2147483647;
			files = (
			);
			inputFileListPaths = (
				"${PODS_ROOT}/Target Support Files/Pods-NYTimes/Pods-NYTimes-frameworks-${CONFIGURATION}-input-files.xcfilelist",
			);
			name = "[CP] Embed Pods Frameworks";
			outputFileListPaths = (
				"${PODS_ROOT}/Target Support Files/Pods-NYTimes/Pods-NYTimes-frameworks-${CONFIGURATION}-output-files.xcfilelist",
			);
			runOnlyForDeploymentPostprocessing = 0;
			shellPath = /bin/sh;
			shellScript = "\"${PODS_ROOT}/Target Support Files/Pods-NYTimes/Pods-NYTimes-frameworks.sh\"\n";
			showEnvVarsInLog = 0;
		};
/* End PBXShellScriptBuildPhase section */

/* Begin PBXSourcesBuildPhase section */
		841BC4E02340C6C800D266C5 /* Sources */ = {
			isa = PBXSourcesBuildPhase;
			buildActionMask = 2147483647;
			files = (
				84C8B4282340D7F4006CAE1A /* Api.swift in Sources */,
				84C8B437234118E2006CAE1A /* String+Extensions.swift in Sources */,
				84C8B4292340D7F4006CAE1A /* ApiManager+Rx.swift in Sources */,
				84C8B43D23411D57006CAE1A /* Rx+Extensions.swift in Sources */,
				84C8B4352341123C006CAE1A /* ArticleDetailViewModel.swift in Sources */,
				84E982612340CAC800AF7A88 /* HomeViewController.swift in Sources */,
				84C8B42B2340E648006CAE1A /* TopStoriesServices.swift in Sources */,
				84C8B44423412491006CAE1A /* UIControl+Extensions.swift in Sources */,
				84E9825B2340CAC800AF7A88 /* AppDelegate.swift in Sources */,
				84C8B4272340D7F4006CAE1A /* ApiManager.swift in Sources */,
				84C8B4332340FDD9006CAE1A /* TopStoriesViewModel.swift in Sources */,
				84C8B439234118F6006CAE1A /* Date+Extensions.swift in Sources */,
				84E982912340CE7200AF7A88 /* SceneDelegate.swift in Sources */,
				84C8B440234121D3006CAE1A /* ArticleCell.swift in Sources */,
				84C8B4312340F555006CAE1A /* Dictionary+Extensions.swift in Sources */,
				84C8B44223412426006CAE1A /* UIView+StateIndicator.swift in Sources */,
				84E982942340D48400AF7A88 /* Style.swift in Sources */,
				84C8B42D2340EF46006CAE1A /* Articcle.swift in Sources */,
				84C8B43B23411969006CAE1A /* DateFormatter+Extensions.swift in Sources */,
			);
			runOnlyForDeploymentPostprocessing = 0;
		};
		841BC4F62340C6CA00D266C5 /* Sources */ = {
			isa = PBXSourcesBuildPhase;
			buildActionMask = 2147483647;
			files = (
				841BC4FF2340C6CA00D266C5 /* NYTimesTests.swift in Sources */,
			);
			runOnlyForDeploymentPostprocessing = 0;
		};
/* End PBXSourcesBuildPhase section */

/* Begin PBXTargetDependency section */
		841BC4FC2340C6CA00D266C5 /* PBXTargetDependency */ = {
			isa = PBXTargetDependency;
			target = 841BC4E32340C6C800D266C5 /* NYTimes */;
			targetProxy = 841BC4FB2340C6CA00D266C5 /* PBXContainerItemProxy */;
		};
/* End PBXTargetDependency section */

/* Begin XCBuildConfiguration section */
		841BC5012340C6CA00D266C5 /* Debug */ = {
			isa = XCBuildConfiguration;
			buildSettings = {
				ALWAYS_SEARCH_USER_PATHS = NO;
				CLANG_ANALYZER_NONNULL = YES;
				CLANG_ANALYZER_NUMBER_OBJECT_CONVERSION = YES_AGGRESSIVE;
				CLANG_CXX_LANGUAGE_STANDARD = "gnu++14";
				CLANG_CXX_LIBRARY = "libc++";
				CLANG_ENABLE_MODULES = YES;
				CLANG_ENABLE_OBJC_ARC = YES;
				CLANG_ENABLE_OBJC_WEAK = YES;
				CLANG_WARN_BLOCK_CAPTURE_AUTORELEASING = YES;
				CLANG_WARN_BOOL_CONVERSION = YES;
				CLANG_WARN_COMMA = YES;
				CLANG_WARN_CONSTANT_CONVERSION = YES;
				CLANG_WARN_DEPRECATED_OBJC_IMPLEMENTATIONS = YES;
				CLANG_WARN_DIRECT_OBJC_ISA_USAGE = YES_ERROR;
				CLANG_WARN_DOCUMENTATION_COMMENTS = YES;
				CLANG_WARN_EMPTY_BODY = YES;
				CLANG_WARN_ENUM_CONVERSION = YES;
				CLANG_WARN_INFINITE_RECURSION = YES;
				CLANG_WARN_INT_CONVERSION = YES;
				CLANG_WARN_NON_LITERAL_NULL_CONVERSION = YES;
				CLANG_WARN_OBJC_IMPLICIT_RETAIN_SELF = YES;
				CLANG_WARN_OBJC_LITERAL_CONVERSION = YES;
				CLANG_WARN_OBJC_ROOT_CLASS = YES_ERROR;
				CLANG_WARN_RANGE_LOOP_ANALYSIS = YES;
				CLANG_WARN_STRICT_PROTOTYPES = YES;
				CLANG_WARN_SUSPICIOUS_MOVE = YES;
				CLANG_WARN_UNGUARDED_AVAILABILITY = YES_AGGRESSIVE;
				CLANG_WARN_UNREACHABLE_CODE = YES;
				CLANG_WARN__DUPLICATE_METHOD_MATCH = YES;
				COPY_PHASE_STRIP = NO;
				DEBUG_INFORMATION_FORMAT = dwarf;
				ENABLE_STRICT_OBJC_MSGSEND = YES;
				ENABLE_TESTABILITY = YES;
				GCC_C_LANGUAGE_STANDARD = gnu11;
				GCC_DYNAMIC_NO_PIC = NO;
				GCC_NO_COMMON_BLOCKS = YES;
				GCC_OPTIMIZATION_LEVEL = 0;
				GCC_PREPROCESSOR_DEFINITIONS = (
					"DEBUG=1",
					"$(inherited)",
				);
				GCC_WARN_64_TO_32_BIT_CONVERSION = YES;
				GCC_WARN_ABOUT_RETURN_TYPE = YES_ERROR;
				GCC_WARN_UNDECLARED_SELECTOR = YES;
				GCC_WARN_UNINITIALIZED_AUTOS = YES_AGGRESSIVE;
				GCC_WARN_UNUSED_FUNCTION = YES;
				GCC_WARN_UNUSED_VARIABLE = YES;
				IPHONEOS_DEPLOYMENT_TARGET = 13.0;
				MTL_ENABLE_DEBUG_INFO = INCLUDE_SOURCE;
				MTL_FAST_MATH = YES;
				ONLY_ACTIVE_ARCH = YES;
				SDKROOT = iphoneos;
				SWIFT_ACTIVE_COMPILATION_CONDITIONS = DEBUG;
				SWIFT_OPTIMIZATION_LEVEL = "-Onone";
			};
			name = Debug;
		};
		841BC5022340C6CA00D266C5 /* Release */ = {
			isa = XCBuildConfiguration;
			buildSettings = {
				ALWAYS_SEARCH_USER_PATHS = NO;
				CLANG_ANALYZER_NONNULL = YES;
				CLANG_ANALYZER_NUMBER_OBJECT_CONVERSION = YES_AGGRESSIVE;
				CLANG_CXX_LANGUAGE_STANDARD = "gnu++14";
				CLANG_CXX_LIBRARY = "libc++";
				CLANG_ENABLE_MODULES = YES;
				CLANG_ENABLE_OBJC_ARC = YES;
				CLANG_ENABLE_OBJC_WEAK = YES;
				CLANG_WARN_BLOCK_CAPTURE_AUTORELEASING = YES;
				CLANG_WARN_BOOL_CONVERSION = YES;
				CLANG_WARN_COMMA = YES;
				CLANG_WARN_CONSTANT_CONVERSION = YES;
				CLANG_WARN_DEPRECATED_OBJC_IMPLEMENTATIONS = YES;
				CLANG_WARN_DIRECT_OBJC_ISA_USAGE = YES_ERROR;
				CLANG_WARN_DOCUMENTATION_COMMENTS = YES;
				CLANG_WARN_EMPTY_BODY = YES;
				CLANG_WARN_ENUM_CONVERSION = YES;
				CLANG_WARN_INFINITE_RECURSION = YES;
				CLANG_WARN_INT_CONVERSION = YES;
				CLANG_WARN_NON_LITERAL_NULL_CONVERSION = YES;
				CLANG_WARN_OBJC_IMPLICIT_RETAIN_SELF = YES;
				CLANG_WARN_OBJC_LITERAL_CONVERSION = YES;
				CLANG_WARN_OBJC_ROOT_CLASS = YES_ERROR;
				CLANG_WARN_RANGE_LOOP_ANALYSIS = YES;
				CLANG_WARN_STRICT_PROTOTYPES = YES;
				CLANG_WARN_SUSPICIOUS_MOVE = YES;
				CLANG_WARN_UNGUARDED_AVAILABILITY = YES_AGGRESSIVE;
				CLANG_WARN_UNREACHABLE_CODE = YES;
				CLANG_WARN__DUPLICATE_METHOD_MATCH = YES;
				COPY_PHASE_STRIP = NO;
				DEBUG_INFORMATION_FORMAT = "dwarf-with-dsym";
				ENABLE_NS_ASSERTIONS = NO;
				ENABLE_STRICT_OBJC_MSGSEND = YES;
				GCC_C_LANGUAGE_STANDARD = gnu11;
				GCC_NO_COMMON_BLOCKS = YES;
				GCC_WARN_64_TO_32_BIT_CONVERSION = YES;
				GCC_WARN_ABOUT_RETURN_TYPE = YES_ERROR;
				GCC_WARN_UNDECLARED_SELECTOR = YES;
				GCC_WARN_UNINITIALIZED_AUTOS = YES_AGGRESSIVE;
				GCC_WARN_UNUSED_FUNCTION = YES;
				GCC_WARN_UNUSED_VARIABLE = YES;
				IPHONEOS_DEPLOYMENT_TARGET = 13.0;
				MTL_ENABLE_DEBUG_INFO = NO;
				MTL_FAST_MATH = YES;
				SDKROOT = iphoneos;
				SWIFT_COMPILATION_MODE = wholemodule;
				SWIFT_OPTIMIZATION_LEVEL = "-O";
				VALIDATE_PRODUCT = YES;
			};
			name = Release;
		};
		841BC5042340C6CA00D266C5 /* Debug */ = {
			isa = XCBuildConfiguration;
			baseConfigurationReference = 60823C8C9D68E9CD4C168A79 /* Pods-NYTimes.debug.xcconfig */;
			buildSettings = {
				ASSETCATALOG_COMPILER_APPICON_NAME = AppIcon;
				CODE_SIGN_STYLE = Automatic;
				INFOPLIST_FILE = "$(SRCROOT)/NYTimes/Application/Info.plist";
				LD_RUNPATH_SEARCH_PATHS = (
					"$(inherited)",
					"@executable_path/Frameworks",
				);
				PRODUCT_BUNDLE_IDENTIFIER = "Hardik-Kothari.NYTimes";
				PRODUCT_NAME = "$(TARGET_NAME)";
				SWIFT_VERSION = 5.0;
				TARGETED_DEVICE_FAMILY = "1,2";
			};
			name = Debug;
		};
		841BC5052340C6CA00D266C5 /* Release */ = {
			isa = XCBuildConfiguration;
			baseConfigurationReference = 872AF817D01657853AAA2909 /* Pods-NYTimes.release.xcconfig */;
			buildSettings = {
				ASSETCATALOG_COMPILER_APPICON_NAME = AppIcon;
				CODE_SIGN_STYLE = Automatic;
				INFOPLIST_FILE = "$(SRCROOT)/NYTimes/Application/Info.plist";
				LD_RUNPATH_SEARCH_PATHS = (
					"$(inherited)",
					"@executable_path/Frameworks",
				);
				PRODUCT_BUNDLE_IDENTIFIER = "Hardik-Kothari.NYTimes";
				PRODUCT_NAME = "$(TARGET_NAME)";
				SWIFT_VERSION = 5.0;
				TARGETED_DEVICE_FAMILY = "1,2";
			};
			name = Release;
		};
		841BC5072340C6CA00D266C5 /* Debug */ = {
			isa = XCBuildConfiguration;
			buildSettings = {
				ALWAYS_EMBED_SWIFT_STANDARD_LIBRARIES = YES;
				BUNDLE_LOADER = "$(TEST_HOST)";
				CODE_SIGN_STYLE = Automatic;
				INFOPLIST_FILE = NYTimesTests/Info.plist;
				IPHONEOS_DEPLOYMENT_TARGET = 13.0;
				LD_RUNPATH_SEARCH_PATHS = (
					"$(inherited)",
					"@executable_path/Frameworks",
					"@loader_path/Frameworks",
				);
				PRODUCT_BUNDLE_IDENTIFIER = "Hardik-Kothari.NYTimesTests";
				PRODUCT_NAME = "$(TARGET_NAME)";
				SWIFT_VERSION = 5.0;
				TARGETED_DEVICE_FAMILY = "1,2";
				TEST_HOST = "$(BUILT_PRODUCTS_DIR)/NYTimes.app/NYTimes";
			};
			name = Debug;
		};
		841BC5082340C6CA00D266C5 /* Release */ = {
			isa = XCBuildConfiguration;
			buildSettings = {
				ALWAYS_EMBED_SWIFT_STANDARD_LIBRARIES = YES;
				BUNDLE_LOADER = "$(TEST_HOST)";
				CODE_SIGN_STYLE = Automatic;
				INFOPLIST_FILE = NYTimesTests/Info.plist;
				IPHONEOS_DEPLOYMENT_TARGET = 13.0;
				LD_RUNPATH_SEARCH_PATHS = (
					"$(inherited)",
					"@executable_path/Frameworks",
					"@loader_path/Frameworks",
				);
				PRODUCT_BUNDLE_IDENTIFIER = "Hardik-Kothari.NYTimesTests";
				PRODUCT_NAME = "$(TARGET_NAME)";
				SWIFT_VERSION = 5.0;
				TARGETED_DEVICE_FAMILY = "1,2";
				TEST_HOST = "$(BUILT_PRODUCTS_DIR)/NYTimes.app/NYTimes";
			};
			name = Release;
		};
/* End XCBuildConfiguration section */

/* Begin XCConfigurationList section */
		841BC4DF2340C6C800D266C5 /* Build configuration list for PBXProject "NYTimes" */ = {
			isa = XCConfigurationList;
			buildConfigurations = (
				841BC5012340C6CA00D266C5 /* Debug */,
				841BC5022340C6CA00D266C5 /* Release */,
			);
			defaultConfigurationIsVisible = 0;
			defaultConfigurationName = Release;
		};
		841BC5032340C6CA00D266C5 /* Build configuration list for PBXNativeTarget "NYTimes" */ = {
			isa = XCConfigurationList;
			buildConfigurations = (
				841BC5042340C6CA00D266C5 /* Debug */,
				841BC5052340C6CA00D266C5 /* Release */,
			);
			defaultConfigurationIsVisible = 0;
			defaultConfigurationName = Release;
		};
		841BC5062340C6CA00D266C5 /* Build configuration list for PBXNativeTarget "NYTimesTests" */ = {
			isa = XCConfigurationList;
			buildConfigurations = (
				841BC5072340C6CA00D266C5 /* Debug */,
				841BC5082340C6CA00D266C5 /* Release */,
			);
			defaultConfigurationIsVisible = 0;
			defaultConfigurationName = Release;
		};
/* End XCConfigurationList section */
	};
	rootObject = 841BC4DC2340C6C800D266C5 /* Project object */;
}
